
Microsoft Visual Studio Solution File, Format Version 12.00
Project("{FAE04EC0-301F-11D3-BF4B-00C04F79EFBC}") = "DelegatePOC", "DelegatePOC\DelegatePOC.csproj", "{F4206846-A2AC-41AF-8977-14B53910BF75}"
EndProject
Global
	GlobalSection(SolutionConfigurationPlatforms) = preSolution
		Debug|Any CPU = Debug|Any CPU
		Release|Any CPU = Release|Any CPU
	EndGlobalSection
	GlobalSection(ProjectConfigurationPlatforms) = postSolution
		{F4206846-A2AC-41AF-8977-14B53910BF75}.Debug|Any CPU.ActiveCfg = Debug|Any CPU
		{F4206846-A2AC-41AF-8977-14B53910BF75}.Debug|Any CPU.Build.0 = Debug|Any CPU
		{F4206846-A2AC-41AF-8977-14B53910BF75}.Release|Any CPU.ActiveCfg = Release|Any CPU
		{F4206846-A2AC-41AF-8977-14B53910BF75}.Release|Any CPU.Build.0 = Release|Any CPU
	EndGlobalSection
EndGlobal
